
Microsoft Visual Studio Solution File, Format Version 12.00
# Visual Studio 15
VisualStudioVersion = 15.0.27703.2035
MinimumVisualStudioVersion = 10.0.40219.1
Project("{FAE04EC0-301F-11D3-BF4B-00C04F79EFBC}") = "DbUtils", "SqlUtils\DbUtils.csproj", "{0F87EEB9-5B03-4C88-87EB-58C749739AF3}"
EndProject
Global
	GlobalSection(SolutionConfigurationPlatforms) = preSolution
		Debug|Any CPU = Debug|Any CPU
		Release|Any CPU = Release|Any CPU
	EndGlobalSection
	GlobalSection(ProjectConfigurationPlatforms) = postSolution
		{0F87EEB9-5B03-4C88-87EB-58C749739AF3}.Debug|Any CPU.ActiveCfg = Debug|Any CPU
		{0F87EEB9-5B03-4C88-87EB-58C749739AF3}.Debug|Any CPU.Build.0 = Debug|Any CPU
		{0F87EEB9-5B03-4C88-87EB-58C749739AF3}.Release|Any CPU.ActiveCfg = Release|Any CPU
		{0F87EEB9-5B03-4C88-87EB-58C749739AF3}.Release|Any CPU.Build.0 = Release|Any CPU
	EndGlobalSection
	GlobalSection(SolutionProperties) = preSolution
		HideSolutionNode = FALSE
	EndGlobalSection
	GlobalSection(ExtensibilityGlobals) = postSolution
		SolutionGuid = {3F3A5862-0560-4D24-83B7-A7427D08BAF6}
	EndGlobalSection
EndGlobal
